
Microsoft Visual Studio Solution File, Format Version 12.00
# Visual Studio Version 17
VisualStudioVersion = 17.3.32811.315
MinimumVisualStudioVersion = 10.0.40219.1
Project("{FAE04EC0-301F-11D3-BF4B-00C04F79EFBC}") = "EmployeePayroll", "EmployeePayroll.csproj", "{20C27F3D-CC72-4A73-9AC2-E1ACCCC3322B}"
EndProject
Global
	GlobalSection(SolutionConfigurationPlatforms) = preSolution
		Debug|Any CPU = Debug|Any CPU
		Release|Any CPU = Release|Any CPU
	EndGlobalSection
	GlobalSection(ProjectConfigurationPlatforms) = postSolution
		{20C27F3D-CC72-4A73-9AC2-E1ACCCC3322B}.Debug|Any CPU.ActiveCfg = Debug|Any CPU
		{20C27F3D-CC72-4A73-9AC2-E1ACCCC3322B}.Debug|Any CPU.Build.0 = Debug|Any CPU
		{20C27F3D-CC72-4A73-9AC2-E1ACCCC3322B}.Release|Any CPU.ActiveCfg = Release|Any CPU
		{20C27F3D-CC72-4A73-9AC2-E1ACCCC3322B}.Release|Any CPU.Build.0 = Release|Any CPU
	EndGlobalSection
	GlobalSection(SolutionProperties) = preSolution
		HideSolutionNode = FALSE
	EndGlobalSection
	GlobalSection(ExtensibilityGlobals) = postSolution
		SolutionGuid = {05563738-695B-48D2-8344-F9266A797DE3}
	EndGlobalSection
EndGlobal
